// !$*UTF8*$!
{
	archiveVersion = 1;
	classes = {
	};
	objectVersion = 50;
	objects = {

/* Begin PBXBuildFile section */
		861B5364246607F100E85BA5 /* AppDelegate.swift in Sources */ = {isa = PBXBuildFile; fileRef = 861B5363246607F100E85BA5 /* AppDelegate.swift */; };
		861B5366246607F100E85BA5 /* SceneDelegate.swift in Sources */ = {isa = PBXBuildFile; fileRef = 861B5365246607F100E85BA5 /* SceneDelegate.swift */; };
		861B5368246607F100E85BA5 /* VCCategories.swift in Sources */ = {isa = PBXBuildFile; fileRef = 861B5367246607F100E85BA5 /* VCCategories.swift */; };
		861B536B246607F100E85BA5 /* Main.storyboard in Resources */ = {isa = PBXBuildFile; fileRef = 861B5369246607F100E85BA5 /* Main.storyboard */; };
		861B536D246607F200E85BA5 /* Assets.xcassets in Resources */ = {isa = PBXBuildFile; fileRef = 861B536C246607F200E85BA5 /* Assets.xcassets */; };
		861B5370246607F200E85BA5 /* LaunchScreen.storyboard in Resources */ = {isa = PBXBuildFile; fileRef = 861B536E246607F200E85BA5 /* LaunchScreen.storyboard */; };
		861B537A24662DAB00E85BA5 /* StaticCurrentUsersData.swift in Sources */ = {isa = PBXBuildFile; fileRef = 861B537924662DAB00E85BA5 /* StaticCurrentUsersData.swift */; };
		861B537C24662EEF00E85BA5 /* VCNews.swift in Sources */ = {isa = PBXBuildFile; fileRef = 861B537B24662EEF00E85BA5 /* VCNews.swift */; };
		861B537F2466F8D000E85BA5 /* JsonStructures.swift in Sources */ = {isa = PBXBuildFile; fileRef = 861B537E2466F8D000E85BA5 /* JsonStructures.swift */; };
/* End PBXBuildFile section */

/* Begin PBXFileReference section */
		861B5360246607F100E85BA5 /* NewYorkTimesTestTask.app */ = {isa = PBXFileReference; explicitFileType = wrapper.application; includeInIndex = 0; path = NewYorkTimesTestTask.app; sourceTree = BUILT_PRODUCTS_DIR; };
		861B5363246607F100E85BA5 /* AppDelegate.swift */ = {isa = PBXFileReference; lastKnownFileType = sourcecode.swift; path = AppDelegate.swift; sourceTree = "<group>"; };
		861B5365246607F100E85BA5 /* SceneDelegate.swift */ = {isa = PBXFileReference; lastKnownFileType = sourcecode.swift; path = SceneDelegate.swift; sourceTree = "<group>"; };
		861B5367246607F100E85BA5 /* VCCategories.swift */ = {isa = PBXFileReference; lastKnownFileType = sourcecode.swift; path = VCCategories.swift; sourceTree = "<group>"; };
		861B536A246607F100E85BA5 /* Base */ = {isa = PBXFileReference; lastKnownFileType = file.storyboard; name = Base; path = Base.lproj/Main.storyboard; sourceTree = "<group>"; };
		861B536C246607F200E85BA5 /* Assets.xcassets */ = {isa = PBXFileReference; lastKnownFileType = folder.assetcatalog; path = Assets.xcassets; sourceTree = "<group>"; };
		861B536F246607F200E85BA5 /* Base */ = {isa = PBXFileReference; lastKnownFileType = file.storyboard; name = Base; path = Base.lproj/LaunchScreen.storyboard; sourceTree = "<group>"; };
		861B5371246607F200E85BA5 /* Info.plist */ = {isa = PBXFileReference; lastKnownFileType = text.plist.xml; path = Info.plist; sourceTree = "<group>"; };
		861B537924662DAB00E85BA5 /* StaticCurrentUsersData.swift */ = {isa = PBXFileReference; lastKnownFileType = sourcecode.swift; path = StaticCurrentUsersData.swift; sourceTree = "<group>"; };
		861B537B24662EEF00E85BA5 /* VCNews.swift */ = {isa = PBXFileReference; lastKnownFileType = sourcecode.swift; path = VCNews.swift; sourceTree = "<group>"; };
		861B537E2466F8D000E85BA5 /* JsonStructures.swift */ = {isa = PBXFileReference; lastKnownFileType = sourcecode.swift; path = JsonStructures.swift; sourceTree = "<group>"; };
/* End PBXFileReference section */

/* Begin PBXFrameworksBuildPhase section */
		861B535D246607F100E85BA5 /* Frameworks */ = {
			isa = PBXFrameworksBuildPhase;
			buildActionMask = 2147483647;
			files = (
			);
			runOnlyForDeploymentPostprocessing = 0;
		};
/* End PBXFrameworksBuildPhase section */

/* Begin PBXGroup section */
		861B5357246607F100E85BA5 = {
			isa = PBXGroup;
			children = (
				861B5362246607F100E85BA5 /* NewYorkTimesTestTask */,
				861B5361246607F100E85BA5 /* Products */,
			);
			sourceTree = "<group>";
		};
		861B5361246607F100E85BA5 /* Products */ = {
			isa = PBXGroup;
			children = (
				861B5360246607F100E85BA5 /* NewYorkTimesTestTask.app */,
			);
			name = Products;
			sourceTree = "<group>";
		};
		861B5362246607F100E85BA5 /* NewYorkTimesTestTask */ = {
			isa = PBXGroup;
			children = (
				861B537D2466F8A500E85BA5 /* CustomJsonGetRequestStructures */,
				861B5363246607F100E85BA5 /* AppDelegate.swift */,
				861B5365246607F100E85BA5 /* SceneDelegate.swift */,
				861B5367246607F100E85BA5 /* VCCategories.swift */,
				861B5369246607F100E85BA5 /* Main.storyboard */,
				861B536C246607F200E85BA5 /* Assets.xcassets */,
				861B536E246607F200E85BA5 /* LaunchScreen.storyboard */,
				861B5371246607F200E85BA5 /* Info.plist */,
				861B537924662DAB00E85BA5 /* StaticCurrentUsersData.swift */,
				861B537B24662EEF00E85BA5 /* VCNews.swift */,
			);
			path = NewYorkTimesTestTask;
			sourceTree = "<group>";
		};
		861B537D2466F8A500E85BA5 /* CustomJsonGetRequestStructures */ = {
			isa = PBXGroup;
			children = (
				861B537E2466F8D000E85BA5 /* JsonStructures.swift */,
			);
			path = CustomJsonGetRequestStructures;
			sourceTree = "<group>";
		};
/* End PBXGroup section */

/* Begin PBXNativeTarget section */
		861B535F246607F100E85BA5 /* NewYorkTimesTestTask */ = {
			isa = PBXNativeTarget;
			buildConfigurationList = 861B5374246607F200E85BA5 /* Build configuration list for PBXNativeTarget "NewYorkTimesTestTask" */;
			buildPhases = (
				861B535C246607F100E85BA5 /* Sources */,
				861B535D246607F100E85BA5 /* Frameworks */,
				861B535E246607F100E85BA5 /* Resources */,
			);
			buildRules = (
			);
			dependencies = (
			);
			name = NewYorkTimesTestTask;
			productName = NewYorkTimesTestTask;
			productReference = 861B5360246607F100E85BA5 /* NewYorkTimesTestTask.app */;
			productType = "com.apple.product-type.application";
		};
/* End PBXNativeTarget section */

/* Begin PBXProject section */
		861B5358246607F100E85BA5 /* Project object */ = {
			isa = PBXProject;
			attributes = {
				LastSwiftUpdateCheck = 1130;
				LastUpgradeCheck = 1130;
				ORGANIZATIONNAME = "Владислав";
				TargetAttributes = {
					861B535F246607F100E85BA5 = {
						CreatedOnToolsVersion = 11.3.1;
					};
				};
			};
			buildConfigurationList = 861B535B246607F100E85BA5 /* Build configuration list for PBXProject "NewYorkTimesTestTask" */;
			compatibilityVersion = "Xcode 9.3";
			developmentRegion = en;
			hasScannedForEncodings = 0;
			knownRegions = (
				en,
				Base,
			);
			mainGroup = 861B5357246607F100E85BA5;
			productRefGroup = 861B5361246607F100E85BA5 /* Products */;
			projectDirPath = "";
			projectRoot = "";
			targets = (
				861B535F246607F100E85BA5 /* NewYorkTimesTestTask */,
			);
		};
/* End PBXProject section */

/* Begin PBXResourcesBuildPhase section */
		861B535E246607F100E85BA5 /* Resources */ = {
			isa = PBXResourcesBuildPhase;
			buildActionMask = 2147483647;
			files = (
				861B5370246607F200E85BA5 /* LaunchScreen.storyboard in Resources */,
				861B536D246607F200E85BA5 /* Assets.xcassets in Resources */,
				861B536B246607F100E85BA5 /* Main.storyboard in Resources */,
			);
			runOnlyForDeploymentPostprocessing = 0;
		};
/* End PBXResourcesBuildPhase section */

/* Begin PBXSourcesBuildPhase section */
		861B535C246607F100E85BA5 /* Sources */ = {
			isa = PBXSourcesBuildPhase;
			buildActionMask = 2147483647;
			files = (
				861B537C24662EEF00E85BA5 /* VCNews.swift in Sources */,
				861B537F2466F8D000E85BA5 /* JsonStructures.swift in Sources */,
				861B5368246607F100E85BA5 /* VCCategories.swift in Sources */,
				861B5364246607F100E85BA5 /* AppDelegate.swift in Sources */,
				861B537A24662DAB00E85BA5 /* StaticCurrentUsersData.swift in Sources */,
				861B5366246607F100E85BA5 /* SceneDelegate.swift in Sources */,
			);
			runOnlyForDeploymentPostprocessing = 0;
		};
/* End PBXSourcesBuildPhase section */

/* Begin PBXVariantGroup section */
		861B5369246607F100E85BA5 /* Main.storyboard */ = {
			isa = PBXVariantGroup;
			children = (
				861B536A246607F100E85BA5 /* Base */,
			);
			name = Main.storyboard;
			sourceTree = "<group>";
		};
		861B536E246607F200E85BA5 /* LaunchScreen.storyboard */ = {
			isa = PBXVariantGroup;
			children = (
				861B536F246607F200E85BA5 /* Base */,
			);
			name = LaunchScreen.storyboard;
			sourceTree = "<group>";
		};
/* End PBXVariantGroup section */

/* Begin XCBuildConfiguration section */
		861B5372246607F200E85BA5 /* Debug */ = {
			isa = XCBuildConfiguration;
			buildSettings = {
				ALWAYS_SEARCH_USER_PATHS = NO;
				CLANG_ANALYZER_NONNULL = YES;
				CLANG_ANALYZER_NUMBER_OBJECT_CONVERSION = YES_AGGRESSIVE;
				CLANG_CXX_LANGUAGE_STANDARD = "gnu++14";
				CLANG_CXX_LIBRARY = "libc++";
				CLANG_ENABLE_MODULES = YES;
				CLANG_ENABLE_OBJC_ARC = YES;
				CLANG_ENABLE_OBJC_WEAK = YES;
				CLANG_WARN_BLOCK_CAPTURE_AUTORELEASING = YES;
				CLANG_WARN_BOOL_CONVERSION = YES;
				CLANG_WARN_COMMA = YES;
				CLANG_WARN_CONSTANT_CONVERSION = YES;
				CLANG_WARN_DEPRECATED_OBJC_IMPLEMENTATIONS = YES;
				CLANG_WARN_DIRECT_OBJC_ISA_USAGE = YES_ERROR;
				CLANG_WARN_DOCUMENTATION_COMMENTS = YES;
				CLANG_WARN_EMPTY_BODY = YES;
				CLANG_WARN_ENUM_CONVERSION = YES;
				CLANG_WARN_INFINITE_RECURSION = YES;
				CLANG_WARN_INT_CONVERSION = YES;
				CLANG_WARN_NON_LITERAL_NULL_CONVERSION = YES;
				CLANG_WARN_OBJC_IMPLICIT_RETAIN_SELF = YES;
				CLANG_WARN_OBJC_LITERAL_CONVERSION = YES;
				CLANG_WARN_OBJC_ROOT_CLASS = YES_ERROR;
				CLANG_WARN_RANGE_LOOP_ANALYSIS = YES;
				CLANG_WARN_STRICT_PROTOTYPES = YES;
				CLANG_WARN_SUSPICIOUS_MOVE = YES;
				CLANG_WARN_UNGUARDED_AVAILABILITY = YES_AGGRESSIVE;
				CLANG_WARN_UNREACHABLE_CODE = YES;
				CLANG_WARN__DUPLICATE_METHOD_MATCH = YES;
				COPY_PHASE_STRIP = NO;
				DEBUG_INFORMATION_FORMAT = dwarf;
				ENABLE_STRICT_OBJC_MSGSEND = YES;
				ENABLE_TESTABILITY = YES;
				GCC_C_LANGUAGE_STANDARD = gnu11;
				GCC_DYNAMIC_NO_PIC = NO;
				GCC_NO_COMMON_BLOCKS = YES;
				GCC_OPTIMIZATION_LEVEL = 0;
				GCC_PREPROCESSOR_DEFINITIONS = (
					"DEBUG=1",
					"$(inherited)",
				);
				GCC_WARN_64_TO_32_BIT_CONVERSION = YES;
				GCC_WARN_ABOUT_RETURN_TYPE = YES_ERROR;
				GCC_WARN_UNDECLARED_SELECTOR = YES;
				GCC_WARN_UNINITIALIZED_AUTOS = YES_AGGRESSIVE;
				GCC_WARN_UNUSED_FUNCTION = YES;
				GCC_WARN_UNUSED_VARIABLE = YES;
				IPHONEOS_DEPLOYMENT_TARGET = 13.2;
				MTL_ENABLE_DEBUG_INFO = INCLUDE_SOURCE;
				MTL_FAST_MATH = YES;
				ONLY_ACTIVE_ARCH = YES;
				SDKROOT = iphoneos;
				SWIFT_ACTIVE_COMPILATION_CONDITIONS = DEBUG;
				SWIFT_OPTIMIZATION_LEVEL = "-Onone";
			};
			name = Debug;
		};
		861B5373246607F200E85BA5 /* Release */ = {
			isa = XCBuildConfiguration;
			buildSettings = {
				ALWAYS_SEARCH_USER_PATHS = NO;
				CLANG_ANALYZER_NONNULL = YES;
				CLANG_ANALYZER_NUMBER_OBJECT_CONVERSION = YES_AGGRESSIVE;
				CLANG_CXX_LANGUAGE_STANDARD = "gnu++14";
				CLANG_CXX_LIBRARY = "libc++";
				CLANG_ENABLE_MODULES = YES;
				CLANG_ENABLE_OBJC_ARC = YES;
				CLANG_ENABLE_OBJC_WEAK = YES;
				CLANG_WARN_BLOCK_CAPTURE_AUTORELEASING = YES;
				CLANG_WARN_BOOL_CONVERSION = YES;
				CLANG_WARN_COMMA = YES;
				CLANG_WARN_CONSTANT_CONVERSION = YES;
				CLANG_WARN_DEPRECATED_OBJC_IMPLEMENTATIONS = YES;
				CLANG_WARN_DIRECT_OBJC_ISA_USAGE = YES_ERROR;
				CLANG_WARN_DOCUMENTATION_COMMENTS = YES;
				CLANG_WARN_EMPTY_BODY = YES;
				CLANG_WARN_ENUM_CONVERSION = YES;
				CLANG_WARN_INFINITE_RECURSION = YES;
				CLANG_WARN_INT_CONVERSION = YES;
				CLANG_WARN_NON_LITERAL_NULL_CONVERSION = YES;
				CLANG_WARN_OBJC_IMPLICIT_RETAIN_SELF = YES;
				CLANG_WARN_OBJC_LITERAL_CONVERSION = YES;
				CLANG_WARN_OBJC_ROOT_CLASS = YES_ERROR;
				CLANG_WARN_RANGE_LOOP_ANALYSIS = YES;
				CLANG_WARN_STRICT_PROTOTYPES = YES;
				CLANG_WARN_SUSPICIOUS_MOVE = YES;
				CLANG_WARN_UNGUARDED_AVAILABILITY = YES_AGGRESSIVE;
				CLANG_WARN_UNREACHABLE_CODE = YES;
				CLANG_WARN__DUPLICATE_METHOD_MATCH = YES;
				COPY_PHASE_STRIP = NO;
				DEBUG_INFORMATION_FORMAT = "dwarf-with-dsym";
				ENABLE_NS_ASSERTIONS = NO;
				ENABLE_STRICT_OBJC_MSGSEND = YES;
				GCC_C_LANGUAGE_STANDARD = gnu11;
				GCC_NO_COMMON_BLOCKS = YES;
				GCC_WARN_64_TO_32_BIT_CONVERSION = YES;
				GCC_WARN_ABOUT_RETURN_TYPE = YES_ERROR;
				GCC_WARN_UNDECLARED_SELECTOR = YES;
				GCC_WARN_UNINITIALIZED_AUTOS = YES_AGGRESSIVE;
				GCC_WARN_UNUSED_FUNCTION = YES;
				GCC_WARN_UNUSED_VARIABLE = YES;
				IPHONEOS_DEPLOYMENT_TARGET = 13.2;
				MTL_ENABLE_DEBUG_INFO = NO;
				MTL_FAST_MATH = YES;
				SDKROOT = iphoneos;
				SWIFT_COMPILATION_MODE = wholemodule;
				SWIFT_OPTIMIZATION_LEVEL = "-O";
				VALIDATE_PRODUCT = YES;
			};
			name = Release;
		};
		861B5375246607F200E85BA5 /* Debug */ = {
			isa = XCBuildConfiguration;
			buildSettings = {
				ASSETCATALOG_COMPILER_APPICON_NAME = AppIcon;
				CODE_SIGN_STYLE = Automatic;
				DEVELOPMENT_TEAM = 6D528G364D;
				INFOPLIST_FILE = NewYorkTimesTestTask/Info.plist;
				LD_RUNPATH_SEARCH_PATHS = (
					"$(inherited)",
					"@executable_path/Frameworks",
				);
				PRODUCT_BUNDLE_IDENTIFIER = no.NewYorkTimesTestTask;
				PRODUCT_NAME = "$(TARGET_NAME)";
				SWIFT_VERSION = 5.0;
				TARGETED_DEVICE_FAMILY = "1,2";
			};
			name = Debug;
		};
		861B5376246607F200E85BA5 /* Release */ = {
			isa = XCBuildConfiguration;
			buildSettings = {
				ASSETCATALOG_COMPILER_APPICON_NAME = AppIcon;
				CODE_SIGN_STYLE = Automatic;
				DEVELOPMENT_TEAM = 6D528G364D;
				INFOPLIST_FILE = NewYorkTimesTestTask/Info.plist;
				LD_RUNPATH_SEARCH_PATHS = (
					"$(inherited)",
					"@executable_path/Frameworks",
				);
				PRODUCT_BUNDLE_IDENTIFIER = no.NewYorkTimesTestTask;
				PRODUCT_NAME = "$(TARGET_NAME)";
				SWIFT_VERSION = 5.0;
				TARGETED_DEVICE_FAMILY = "1,2";
			};
			name = Release;
		};
/* End XCBuildConfiguration section */

/* Begin XCConfigurationList section */
		861B535B246607F100E85BA5 /* Build configuration list for PBXProject "NewYorkTimesTestTask" */ = {
			isa = XCConfigurationList;
			buildConfigurations = (
				861B5372246607F200E85BA5 /* Debug */,
				861B5373246607F200E85BA5 /* Release */,
			);
			defaultConfigurationIsVisible = 0;
			defaultConfigurationName = Release;
		};
		861B5374246607F200E85BA5 /* Build configuration list for PBXNativeTarget "NewYorkTimesTestTask" */ = {
			isa = XCConfigurationList;
			buildConfigurations = (
				861B5375246607F200E85BA5 /* Debug */,
				861B5376246607F200E85BA5 /* Release */,
			);
			defaultConfigurationIsVisible = 0;
			defaultConfigurationName = Release;
		};
/* End XCConfigurationList section */
	};
	rootObject = 861B5358246607F100E85BA5 /* Project object */;
}
